<?xml version="1.0" encoding="utf-8"?>
<Project ToolsVersion="17.0" xmlns="http://schemas.microsoft.com/developer/msbuild/2003">
  <ItemGroup>
    <CustomBuild Include="C:\Users\Jhbar\programming\compileme\bld\CMakeFiles\942f2cb2f162c73f9a41d32edde46e77\generate.stamp.rule">
      <Filter>CMake Rules</Filter>
    </CustomBuild>
  </ItemGroup>
  <ItemGroup>
    <Filter Include="CMake Rules">
      <UniqueIdentifier>{864D0DF7-428E-3C61-9DEA-169C756EA482}</UniqueIdentifier>
    </Filter>
  </ItemGroup>
</Project>
